
Microsoft Visual Studio Solution File, Format Version 12.00
# Visual Studio 2013
VisualStudioVersion = 12.0.40629.0
MinimumVisualStudioVersion = 10.0.40219.1
Project("{FAE04EC0-301F-11D3-BF4B-00C04F79EFBC}") = "Quartz.netDemoTest", "Quartz.netDemoTest\Quartz.netDemoTest.csproj", "{780C1C1B-1D11-4EBE-829C-1579A1365789}"
EndProject
Project("{FAE04EC0-301F-11D3-BF4B-00C04F79EFBC}") = "Quartz.Net.ServiceDemo", "Quartz.Net.ServiceDemo\Quartz.Net.ServiceDemo.csproj", "{FA5934F1-480A-46EA-B75B-57927EC27ACC}"
EndProject
Global
	GlobalSection(SolutionConfigurationPlatforms) = preSolution
		Debug|Any CPU = Debug|Any CPU
		Release|Any CPU = Release|Any CPU
	EndGlobalSection
	GlobalSection(ProjectConfigurationPlatforms) = postSolution
		{780C1C1B-1D11-4EBE-829C-1579A1365789}.Debug|Any CPU.ActiveCfg = Debug|Any CPU
		{780C1C1B-1D11-4EBE-829C-1579A1365789}.Debug|Any CPU.Build.0 = Debug|Any CPU
		{780C1C1B-1D11-4EBE-829C-1579A1365789}.Release|Any CPU.ActiveCfg = Release|Any CPU
		{780C1C1B-1D11-4EBE-829C-1579A1365789}.Release|Any CPU.Build.0 = Release|Any CPU
		{FA5934F1-480A-46EA-B75B-57927EC27ACC}.Debug|Any CPU.ActiveCfg = Debug|Any CPU
		{FA5934F1-480A-46EA-B75B-57927EC27ACC}.Debug|Any CPU.Build.0 = Debug|Any CPU
		{FA5934F1-480A-46EA-B75B-57927EC27ACC}.Release|Any CPU.ActiveCfg = Release|Any CPU
		{FA5934F1-480A-46EA-B75B-57927EC27ACC}.Release|Any CPU.Build.0 = Release|Any CPU
	EndGlobalSection
	GlobalSection(SolutionProperties) = preSolution
		HideSolutionNode = FALSE
	EndGlobalSection
EndGlobal
